hash: 95f30a537dc5b2841e061722d66e26c58126e82c19e9ba29bb6b0f44cf1741d0
updated: 2017-03-20T09:58:47.035659706-07:00
imports:
- name: github.com/apache/thrift
  version: b2a4d4ae21c789b689dd162deb819665567f481c
  subpackages:
  - lib/go/thrift
- name: github.com/aws/aws-sdk-go
  version: 7524cb911daddd6e5c9195def8e59ae892bef8d9
  subpackages:
  - aws
  - aws/awserr
  - aws/awsutil
  - aws/client
  - aws/client/metadata
  - aws/corehandlers
  - aws/credentials
  - aws/credentials/ec2rolecreds
  - aws/credentials/endpointcreds
  - aws/credentials/stscreds
  - aws/defaults
  - aws/ec2metadata
  - aws/endpoints
  - aws/request
  - aws/session
  - aws/signer/v4
  - private/protocol
  - private/protocol/query
  - private/protocol/query/queryutil
  - private/protocol/rest
  - private/protocol/restxml
  - private/protocol/xml/xmlutil
  - private/waiter
  - service/s3
  - service/s3/s3iface
  - service/s3/s3manager
  - service/sts
- name: github.com/benbjohnson/clock
  version: 7dc76406b6d3c05b5f71a86293cbcf3c4ea03b19
- name: github.com/cactus/go-statsd-client
  version: d8eabe07bc70ff9ba6a56836cde99d1ea3d005f7
  subpackages:
  - statsd
- name: github.com/cockroachdb/c-jemalloc
  version: 2582439cfbace368ad093c71209ad72efef8aa4d
- name: github.com/cockroachdb/c-lz4
  version: 834d3303c9e84b1045bc57c3eb3723ee8cb4d33b
- name: github.com/cockroachdb/c-rocksdb
  version: 09d6d520b61160d194c06768ed85415cd8abee57
- name: github.com/cockroachdb/c-snappy
  version: c0cd3c9ce92f195001595e1fbbe66f045daad34f
- name: github.com/codegangsta/cli
  version: 0bdeddeeb0f650497d603c4ad7b20cfe685682f6
- name: github.com/davecgh/go-spew
  version: 346938d642f2ec3594ed81d874461961cd0faa76
  subpackages:
  - spew
- name: github.com/dgryski/go-farm
  version: f94e93e5a2b3a579af0f5367c84b54cb9aa00074
- name: github.com/go-ini/ini
  version: e3c2d47c61e5333f9aa2974695dd94396eb69c75
- name: github.com/gocql/gocql
  version: 4d2d1ac71932f7c4a6c7feb0d654462e4116c58b
  subpackages:
  - internal/lru
  - internal/murmur
  - internal/streams
- name: github.com/golang/snappy
  version: d7b1e156f50d3c4664f683603af70e3e47fa0aa2
- name: github.com/gorilla/websocket
  version: c36f2fe5c330f0ac404b616b96c438b8616b1aaf
- name: github.com/hailocab/go-hostpool
  version: e80d13ce29ede4452c43dea11e79b9bc8a15b478
- name: github.com/jmespath/go-jmespath
  version: bd40a432e4c76585ef6b72d3fd96fb9b6dc7b68d
- name: github.com/opentracing/opentracing-go
  version: f2364047356159ed6494d3c50ca004939f79a557
  subpackages:
  - ext
  - log
- name: github.com/pborman/uuid
  version: a97ce2ca70fa5a848076093f05e639a89ca34d06
- name: github.com/pmezard/go-difflib
  version: 792786c7400a136282c1664665ae0a8db921c6c2
  subpackages:
  - difflib
- name: github.com/rcrowley/go-metrics
  version: eeba7bd0dd01ace6e690fa833b3f22aaec29af43
- name: github.com/Sirupsen/logrus
  version: ba1b36c82c5e05c4f912a88eab0dcd91a171688f
- name: github.com/stretchr/objx
  version: 1a9d0bb9f541897e62256577b352fdbc1fb4fd94
- name: github.com/stretchr/testify
  version: 4d4bfba8f1d1027c4fdbe371823030df51419987
  subpackages:
  - assert
  - mock
  - require
  - suite
- name: github.com/tecbot/gorocksdb
  version: 17991d3138a879b166adebf86f7c84da3c1517a7
- name: github.com/uber-common/bark
  version: 8841a0f8e7ca869284ccb29c08a14cf3f4310f46
- name: github.com/uber-go/atomic
  version: 3b8db5e93c4c02efbc313e17b2e796b0914a01fb
- name: github.com/uber/cherami-client-go
  version: 1ef6560c59eeb170f2381c02287ca44a5c50a523
  subpackages:
  - client/cherami
  - common
  - common/backoff
  - common/metrics
  - common/websocket
  - stream
- name: github.com/uber/cherami-thrift
  version: 3fecab6f4e017bf30308fb4104e8c944f2a2bb81
  subpackages:
  - .generated/go/admin
  - .generated/go/cherami
  - .generated/go/controller
  - .generated/go/metadata
  - .generated/go/replicator
  - .generated/go/shared
  - .generated/go/store
- name: github.com/uber/ringpop-go
  version: 8b1085ca9b31007b996e411f2cb88256b2fedd12
  subpackages:
  - discovery
  - discovery/statichosts
  - events
  - forward
  - hashring
  - logging
  - shared
  - swim
  - util
- name: github.com/uber/tchannel-go
  version: 4a23f3aae76694b21107f118ece763a61b98ea07
  subpackages:
  - hyperbahn
  - hyperbahn/gen-go/hyperbahn
  - json
  - raw
  - relay
  - thrift
  - thrift/gen-go/meta
  - tnet
  - trand
  - typed
- name: golang.org/x/net
  version: a6577fac2d73be281a500b310739095313165611
  subpackages:
  - context
- name: golang.org/x/sys
  version: d4feaf1a7e61e1d9e79e6c4e76c6349e9cab0a03
  subpackages:
  - unix
- name: gopkg.in/inf.v0
  version: 3887ee99ecf07df5b447e9b00d9c0b2adaa9f3e4
- name: gopkg.in/validator.v2
  version: 0a9835d809fb647a62611d30cb792e0b5dd65b11
- name: gopkg.in/yaml.v2
  version: a3f3340b5840cee44f372bddb5880fcbc419b46a
testImports: []
