hash: b12fd38476eb4ee5e70317142d9f4b93947bb227b65effeab80625d3860a5970
updated: 2017-08-10T16:40:49.314326452-07:00
imports:
- name: github.com/apache/thrift
  version: b2a4d4ae21c789b689dd162deb819665567f481c
  subpackages:
  - lib/go/thrift
- name: github.com/aws/aws-sdk-go
  version: cf66c348f82c79de333bd788d4f782c4d623ebad
  subpackages:
  - aws
  - aws/awserr
  - aws/awsutil
  - aws/client
  - aws/client/metadata
  - aws/corehandlers
  - aws/credentials
  - aws/credentials/ec2rolecreds
  - aws/credentials/endpointcreds
  - aws/credentials/stscreds
  - aws/defaults
  - aws/ec2metadata
  - aws/endpoints
  - aws/request
  - aws/session
  - aws/signer/v4
  - internal/shareddefaults
  - private/protocol
  - private/protocol/query
  - private/protocol/query/queryutil
  - private/protocol/rest
  - private/protocol/restxml
  - private/protocol/xml/xmlutil
  - service/s3
  - service/s3/s3iface
  - service/s3/s3manager
  - service/sts
- name: github.com/benbjohnson/clock
  version: 7dc76406b6d3c05b5f71a86293cbcf3c4ea03b19
- name: github.com/bsm/sarama-cluster
  version: f1ef2fda9bccc377dad24d7f7522d46b6a9a817b
- name: github.com/cactus/go-statsd-client
  version: ad551ee7f9f3465fb1ce1695899c612f7808a06a
  subpackages:
  - statsd
- name: github.com/cockroachdb/c-jemalloc
  version: 2582439cfbace368ad093c71209ad72efef8aa4d
- name: github.com/cockroachdb/c-lz4
  version: 834d3303c9e84b1045bc57c3eb3723ee8cb4d33b
- name: github.com/cockroachdb/c-rocksdb
  version: 09d6d520b61160d194c06768ed85415cd8abee57
- name: github.com/cockroachdb/c-snappy
  version: c0cd3c9ce92f195001595e1fbbe66f045daad34f
- name: github.com/codegangsta/cli
  version: b99aa811b4c1dd84cc6bccb8499c82c72098085a
- name: github.com/davecgh/go-spew
  version: adab96458c51a58dc1783b3335dcce5461522e75
  subpackages:
  - spew
- name: github.com/dgryski/go-farm
  version: e2d0fe22b456fa0a35cd883ba355ecfcf1881490
- name: github.com/eapache/go-resiliency
  version: b1fe83b5b03f624450823b751b662259ffc6af70
  subpackages:
  - breaker
- name: github.com/eapache/go-xerial-snappy
  version: bb955e01b9346ac19dc29eb16586c90ded99a98c
- name: github.com/eapache/queue
  version: 44cc805cf13205b55f69e14bcb69867d1ae92f98
- name: github.com/go-ini/ini
  version: 3d73f4b845efdf9989fffd4b4e562727744a34ba
- name: github.com/gocql/gocql
  version: 77431609f517cb41ee9afdcdd373561c4d935316
  subpackages:
  - internal/lru
  - internal/murmur
  - internal/streams
- name: github.com/golang/snappy
  version: 553a641470496b2327abcac10b36396bd98e45c9
- name: github.com/google/uuid
  version: 064e2069ce9c359c118179501254f67d7d37ba24
- name: github.com/gorilla/websocket
  version: a91eba7f97777409bc2c443f5534d41dd20c5720
- name: github.com/hailocab/go-hostpool
  version: e80d13ce29ede4452c43dea11e79b9bc8a15b478
- name: github.com/jmespath/go-jmespath
  version: bd40a432e4c76585ef6b72d3fd96fb9b6dc7b68d
- name: github.com/opentracing/opentracing-go
  version: 8ebe5d4e236eed9fd88e593c288bfb804d630b8c
  subpackages:
  - ext
  - log
- name: github.com/pborman/uuid
  version: e790cca94e6cc75c7064b1332e63811d4aae1a53
- name: github.com/pierrec/lz4
  version: 5a3d2245f97fc249850e7802e3c01fad02a1c316
- name: github.com/pierrec/xxHash
  version: a0006b13c722f7f12368c00a3d3c2ae8a999a0c6
  subpackages:
  - xxHash32
- name: github.com/pmezard/go-difflib
  version: 792786c7400a136282c1664665ae0a8db921c6c2
  subpackages:
  - difflib
- name: github.com/rcrowley/go-metrics
  version: 1f30fe9094a513ce4c700b9a54458bbb0c96996c
- name: github.com/Shopify/sarama
  version: c01858abb625b73a3af51d0798e4ad42c8147093
  repo: http://github.com/Shopify/sarama
- name: github.com/sirupsen/logrus
  version: 181d419aa9e2223811b824e8f0b4af96f9ba9302
- name: github.com/stretchr/objx
  version: 1a9d0bb9f541897e62256577b352fdbc1fb4fd94
- name: github.com/stretchr/testify
  version: 890a5c3458b43e6104ff5da8dfa139d013d77544
  subpackages:
  - assert
  - mock
  - require
  - suite
- name: github.com/tecbot/gorocksdb
  version: 17991d3138a879b166adebf86f7c84da3c1517a7
- name: github.com/uber-common/bark
  version: a2ce12437502dbd1511a6ab87745ed01ba138dbb
- name: github.com/uber-go/atomic
  version: 70bd1261d36be490ebd22a62b385a3c5d23b6240
- name: github.com/uber/cherami-client-go
  version: c88dc4abaf53f64839bd48c2d6bbbc051bc9a910
  subpackages:
  - client/cherami
  - common
  - common/backoff
  - common/metrics
  - common/websocket
  - stream
- name: github.com/uber/cherami-thrift
  version: 3fe5d05728858405b75cd8fc6e1ed7388c5de86e
  subpackages:
  - .generated/go/admin
  - .generated/go/cherami
  - .generated/go/controller
  - .generated/go/metadata
  - .generated/go/replicator
  - .generated/go/shared
  - .generated/go/store
- name: github.com/uber/ringpop-go
  version: 8b703dfdab59e2a17e5479e62f8d456286ba50c7
  subpackages:
  - discovery
  - discovery/statichosts
  - events
  - forward
  - hashring
  - logging
  - shared
  - swim
  - util
- name: github.com/uber/tchannel-go
  version: b99c1d7cecb0fdc882bed0098e7cae6ec7459059
  subpackages:
  - hyperbahn
  - hyperbahn/gen-go/hyperbahn
  - internal/argreader
  - json
  - raw
  - relay
  - thrift
  - thrift/gen-go/meta
  - tnet
  - tos
  - trand
  - typed
- name: golang.org/x/crypto
  version: b176d7def5d71bdd214203491f89843ed217f420
  subpackages:
  - ssh/terminal
- name: golang.org/x/net
  version: 1c05540f6879653db88113bc4a2b70aec4bd491f
  subpackages:
  - bpf
  - context
  - internal/iana
  - internal/socket
  - ipv4
  - ipv6
- name: golang.org/x/sys
  version: e42485b6e20ae7d2304ec72e535b103ed350cc02
  subpackages:
  - unix
  - windows
- name: gopkg.in/inf.v0
  version: 3887ee99ecf07df5b447e9b00d9c0b2adaa9f3e4
- name: gopkg.in/validator.v2
  version: 07ffaad256c8e957050ad83d6472eb97d785013d
- name: gopkg.in/yaml.v2
  version: 25c4ec802a7d637f88d584ab26798e94ad14c13b
testImports: []
