hash: e0597d72a37b602320021f9eb130efa03eed8e1f089dbf1fb2814b02b86d5cbb
updated: 2017-06-26T12:01:41.152060685-07:00
imports:
- name: github.com/apache/thrift
  version: b8ee72de5bf9318d50846852082325d0f932682b
  subpackages:
  - lib/go/thrift
- name: github.com/aws/aws-sdk-go
  version: 8a972b4459c2f2582b06f3e2d74448987cc6e19f
  subpackages:
  - aws
  - aws/awserr
  - aws/awsutil
  - aws/client
  - aws/client/metadata
  - aws/corehandlers
  - aws/credentials
  - aws/credentials/ec2rolecreds
  - aws/credentials/endpointcreds
  - aws/credentials/stscreds
  - aws/defaults
  - aws/ec2metadata
  - aws/endpoints
  - aws/request
  - aws/session
  - aws/signer/v4
  - internal/shareddefaults
  - private/protocol
  - private/protocol/query
  - private/protocol/query/queryutil
  - private/protocol/rest
  - private/protocol/restxml
  - private/protocol/xml/xmlutil
  - service/s3
  - service/s3/s3iface
  - service/s3/s3manager
  - service/sts
- name: github.com/benbjohnson/clock
  version: 7dc76406b6d3c05b5f71a86293cbcf3c4ea03b19
- name: github.com/bsm/sarama-cluster
  version: 5efe630369ab4ed5cc4cedeadd61b4d1b2523169
- name: github.com/cactus/go-statsd-client
  version: 1139cdac1a56e404b5382e3a3503a2c587d2c0c3
  subpackages:
  - statsd
- name: github.com/cockroachdb/c-jemalloc
  version: 2582439cfbace368ad093c71209ad72efef8aa4d
- name: github.com/cockroachdb/c-lz4
  version: 834d3303c9e84b1045bc57c3eb3723ee8cb4d33b
- name: github.com/cockroachdb/c-rocksdb
  version: 09d6d520b61160d194c06768ed85415cd8abee57
- name: github.com/cockroachdb/c-snappy
  version: c0cd3c9ce92f195001595e1fbbe66f045daad34f
- name: github.com/codegangsta/cli
  version: cf33a9befefdd6c6ea1a236ab6d546e797a62cbf
- name: github.com/davecgh/go-spew
  version: 346938d642f2ec3594ed81d874461961cd0faa76
  subpackages:
  - spew
- name: github.com/dgryski/go-farm
  version: e2d0fe22b456fa0a35cd883ba355ecfcf1881490
- name: github.com/eapache/go-resiliency
  version: b1fe83b5b03f624450823b751b662259ffc6af70
  subpackages:
  - breaker
- name: github.com/eapache/go-xerial-snappy
  version: bb955e01b9346ac19dc29eb16586c90ded99a98c
- name: github.com/eapache/queue
  version: 44cc805cf13205b55f69e14bcb69867d1ae92f98
- name: github.com/go-ini/ini
  version: d3de07a94d22b4a0972deb4b96d790c2c0ce8333
- name: github.com/gocql/gocql
  version: 3e8b36f5e9e52cdeb265f385808c504a53db55fc
  subpackages:
  - internal/lru
  - internal/murmur
  - internal/streams
- name: github.com/golang/snappy
  version: 553a641470496b2327abcac10b36396bd98e45c9
- name: github.com/google/uuid
  version: 064e2069ce9c359c118179501254f67d7d37ba24
- name: github.com/gorilla/websocket
  version: a91eba7f97777409bc2c443f5534d41dd20c5720
- name: github.com/hailocab/go-hostpool
  version: e80d13ce29ede4452c43dea11e79b9bc8a15b478
- name: github.com/jmespath/go-jmespath
  version: bd40a432e4c76585ef6b72d3fd96fb9b6dc7b68d
- name: github.com/opentracing/opentracing-go
  version: eaaf4e1eeb7a5373b38e70901270c83577dc6fb9
  subpackages:
  - ext
  - log
- name: github.com/pborman/uuid
  version: e790cca94e6cc75c7064b1332e63811d4aae1a53
- name: github.com/pierrec/lz4
  version: 5a3d2245f97fc249850e7802e3c01fad02a1c316
- name: github.com/pierrec/xxHash
  version: 5a004441f897722c627870a981d02b29924215fa
  subpackages:
  - xxHash32
- name: github.com/pmezard/go-difflib
  version: 792786c7400a136282c1664665ae0a8db921c6c2
  subpackages:
  - difflib
- name: github.com/rcrowley/go-metrics
  version: 1f30fe9094a513ce4c700b9a54458bbb0c96996c
- name: github.com/Shopify/sarama
  version: c01858abb625b73a3af51d0798e4ad42c8147093
  repo: http://github.com/Shopify/sarama
- name: github.com/sirupsen/logrus
  version: 85b1699d505667d13f8ac4478c1debbf85d6c5de
- name: github.com/stretchr/objx
  version: 1a9d0bb9f541897e62256577b352fdbc1fb4fd94
- name: github.com/stretchr/testify
  version: f6abca593680b2315d2075e0f5e2a9751e3f431a
  subpackages:
  - assert
  - mock
  - require
  - suite
- name: github.com/tecbot/gorocksdb
  version: 17991d3138a879b166adebf86f7c84da3c1517a7
- name: github.com/uber-common/bark
  version: a2ce12437502dbd1511a6ab87745ed01ba138dbb
- name: github.com/uber-go/atomic
  version: 0506d69f5564c56e25797bf7183c28921d4c6360
- name: github.com/uber/cherami-client-go
  version: ebcbfe6c988c8ec8ffef86f9ecea08e6d76afb4a
  subpackages:
  - client/cherami
  - common
  - common/backoff
  - common/metrics
  - common/websocket
  - stream
- name: github.com/uber/cherami-thrift
  version: ff1036378813f6390b305bfe68eb18530315498d
  subpackages:
  - .generated/go/admin
  - .generated/go/cherami
  - .generated/go/controller
  - .generated/go/metadata
  - .generated/go/replicator
  - .generated/go/shared
  - .generated/go/store
- name: github.com/uber/ringpop-go
  version: 8b703dfdab59e2a17e5479e62f8d456286ba50c7
  subpackages:
  - discovery
  - discovery/statichosts
  - events
  - forward
  - hashring
  - logging
  - shared
  - swim
  - util
- name: github.com/uber/tchannel-go
  version: 4a23f3aae76694b21107f118ece763a61b98ea07
  subpackages:
  - hyperbahn
  - hyperbahn/gen-go/hyperbahn
  - json
  - raw
  - relay
  - thrift
  - thrift/gen-go/meta
  - tnet
  - trand
  - typed
- name: golang.org/x/net
  version: ddf80d0970594e2e4cccf5a98861cad3d9eaa4cd
  subpackages:
  - context
- name: golang.org/x/sys
  version: 0b25a408a50076fbbcae6b7ac0ea5fbb0b085e79
  subpackages:
  - unix
- name: gopkg.in/inf.v0
  version: 3887ee99ecf07df5b447e9b00d9c0b2adaa9f3e4
- name: gopkg.in/validator.v2
  version: 07ffaad256c8e957050ad83d6472eb97d785013d
- name: gopkg.in/yaml.v2
  version: cd8b52f8269e0feb286dfeef29f8fe4d5b397e0b
testImports: []
